
Microsoft Visual Studio Solution File, Format Version 12.00
# Visual Studio Version 16
VisualStudioVersion = 16.0.30320.27
MinimumVisualStudioVersion = 10.0.40219.1
Project("{FAE04EC0-301F-11D3-BF4B-00C04F79EFBC}") = "Secao_02", "Secao_02.csproj", "{EC83429C-8A9F-4A8B-AB41-8D33AC983443}"
EndProject
Global
	GlobalSection(SolutionConfigurationPlatforms) = preSolution
		Debug|Any CPU = Debug|Any CPU
		Release|Any CPU = Release|Any CPU
	EndGlobalSection
	GlobalSection(ProjectConfigurationPlatforms) = postSolution
		{EC83429C-8A9F-4A8B-AB41-8D33AC983443}.Debug|Any CPU.ActiveCfg = Debug|Any CPU
		{EC83429C-8A9F-4A8B-AB41-8D33AC983443}.Debug|Any CPU.Build.0 = Debug|Any CPU
		{EC83429C-8A9F-4A8B-AB41-8D33AC983443}.Release|Any CPU.ActiveCfg = Release|Any CPU
		{EC83429C-8A9F-4A8B-AB41-8D33AC983443}.Release|Any CPU.Build.0 = Release|Any CPU
	EndGlobalSection
	GlobalSection(SolutionProperties) = preSolution
		HideSolutionNode = FALSE
	EndGlobalSection
	GlobalSection(ExtensibilityGlobals) = postSolution
		SolutionGuid = {CD982A8E-FE8F-422B-963A-1D49160A67F7}
	EndGlobalSection
EndGlobal
